
Microsoft Visual Studio Solution File, Format Version 12.00
# Visual Studio 2012
Project("{FAE04EC0-301F-11D3-BF4B-00C04F79EFBC}") = "dome1", "dome1\dome1.csproj", "{56A3AC5E-8AB9-4EA2-8E72-8515E348ECD6}"
EndProject
Project("{FAE04EC0-301F-11D3-BF4B-00C04F79EFBC}") = "ADL", "ADL\ADL.csproj", "{F020D9A0-D505-4752-97A5-48FEE0477052}"
EndProject
Project("{FAE04EC0-301F-11D3-BF4B-00C04F79EFBC}") = "BLL", "BLL\BLL.csproj", "{23D4C830-CB78-49F9-9A41-8FD57F786A87}"
EndProject
Project("{FAE04EC0-301F-11D3-BF4B-00C04F79EFBC}") = "Model", "Model\Model.csproj", "{75C04C22-EA17-41E4-BBF4-E2A8C643C216}"
EndProject
Project("{6141683F-8A12-4E36-9623-2EB02B2C2303}") = "Setup5", "Setup5\Setup5.isproj", "{46A0E3A8-168C-453F-BA3B-2DEAC6D5EE6E}"
	ProjectSection(ProjectDependencies) = postProject
		{75C04C22-EA17-41E4-BBF4-E2A8C643C216} = {75C04C22-EA17-41E4-BBF4-E2A8C643C216}
		{23D4C830-CB78-49F9-9A41-8FD57F786A87} = {23D4C830-CB78-49F9-9A41-8FD57F786A87}
		{56A3AC5E-8AB9-4EA2-8E72-8515E348ECD6} = {56A3AC5E-8AB9-4EA2-8E72-8515E348ECD6}
		{F020D9A0-D505-4752-97A5-48FEE0477052} = {F020D9A0-D505-4752-97A5-48FEE0477052}
	EndProjectSection
EndProject
Global
	GlobalSection(SolutionConfigurationPlatforms) = preSolution
		CD_ROM|Any CPU = CD_ROM|Any CPU
		Debug|Any CPU = Debug|Any CPU
		DVD-5|Any CPU = DVD-5|Any CPU
		Release|Any CPU = Release|Any CPU
		SingleImage|Any CPU = SingleImage|Any CPU
	EndGlobalSection
	GlobalSection(ProjectConfigurationPlatforms) = postSolution
		{56A3AC5E-8AB9-4EA2-8E72-8515E348ECD6}.CD_ROM|Any CPU.ActiveCfg = Release|Any CPU
		{56A3AC5E-8AB9-4EA2-8E72-8515E348ECD6}.CD_ROM|Any CPU.Build.0 = Release|Any CPU
		{56A3AC5E-8AB9-4EA2-8E72-8515E348ECD6}.Debug|Any CPU.ActiveCfg = Debug|Any CPU
		{56A3AC5E-8AB9-4EA2-8E72-8515E348ECD6}.Debug|Any CPU.Build.0 = Debug|Any CPU
		{56A3AC5E-8AB9-4EA2-8E72-8515E348ECD6}.DVD-5|Any CPU.ActiveCfg = Debug|Any CPU
		{56A3AC5E-8AB9-4EA2-8E72-8515E348ECD6}.DVD-5|Any CPU.Build.0 = Debug|Any CPU
		{56A3AC5E-8AB9-4EA2-8E72-8515E348ECD6}.Release|Any CPU.ActiveCfg = Release|Any CPU
		{56A3AC5E-8AB9-4EA2-8E72-8515E348ECD6}.Release|Any CPU.Build.0 = Release|Any CPU
		{56A3AC5E-8AB9-4EA2-8E72-8515E348ECD6}.SingleImage|Any CPU.ActiveCfg = Release|Any CPU
		{56A3AC5E-8AB9-4EA2-8E72-8515E348ECD6}.SingleImage|Any CPU.Build.0 = Release|Any CPU
		{F020D9A0-D505-4752-97A5-48FEE0477052}.CD_ROM|Any CPU.ActiveCfg = Release|Any CPU
		{F020D9A0-D505-4752-97A5-48FEE0477052}.CD_ROM|Any CPU.Build.0 = Release|Any CPU
		{F020D9A0-D505-4752-97A5-48FEE0477052}.Debug|Any CPU.ActiveCfg = Debug|Any CPU
		{F020D9A0-D505-4752-97A5-48FEE0477052}.Debug|Any CPU.Build.0 = Debug|Any CPU
		{F020D9A0-D505-4752-97A5-48FEE0477052}.DVD-5|Any CPU.ActiveCfg = Debug|Any CPU
		{F020D9A0-D505-4752-97A5-48FEE0477052}.DVD-5|Any CPU.Build.0 = Debug|Any CPU
		{F020D9A0-D505-4752-97A5-48FEE0477052}.Release|Any CPU.ActiveCfg = Release|Any CPU
		{F020D9A0-D505-4752-97A5-48FEE0477052}.Release|Any CPU.Build.0 = Release|Any CPU
		{F020D9A0-D505-4752-97A5-48FEE0477052}.SingleImage|Any CPU.ActiveCfg = Release|Any CPU
		{F020D9A0-D505-4752-97A5-48FEE0477052}.SingleImage|Any CPU.Build.0 = Release|Any CPU
		{23D4C830-CB78-49F9-9A41-8FD57F786A87}.CD_ROM|Any CPU.ActiveCfg = Release|Any CPU
		{23D4C830-CB78-49F9-9A41-8FD57F786A87}.CD_ROM|Any CPU.Build.0 = Release|Any CPU
		{23D4C830-CB78-49F9-9A41-8FD57F786A87}.Debug|Any CPU.ActiveCfg = Debug|Any CPU
		{23D4C830-CB78-49F9-9A41-8FD57F786A87}.Debug|Any CPU.Build.0 = Debug|Any CPU
		{23D4C830-CB78-49F9-9A41-8FD57F786A87}.DVD-5|Any CPU.ActiveCfg = Debug|Any CPU
		{23D4C830-CB78-49F9-9A41-8FD57F786A87}.DVD-5|Any CPU.Build.0 = Debug|Any CPU
		{23D4C830-CB78-49F9-9A41-8FD57F786A87}.Release|Any CPU.ActiveCfg = Release|Any CPU
		{23D4C830-CB78-49F9-9A41-8FD57F786A87}.Release|Any CPU.Build.0 = Release|Any CPU
		{23D4C830-CB78-49F9-9A41-8FD57F786A87}.SingleImage|Any CPU.ActiveCfg = Release|Any CPU
		{23D4C830-CB78-49F9-9A41-8FD57F786A87}.SingleImage|Any CPU.Build.0 = Release|Any CPU
		{75C04C22-EA17-41E4-BBF4-E2A8C643C216}.CD_ROM|Any CPU.ActiveCfg = Release|Any CPU
		{75C04C22-EA17-41E4-BBF4-E2A8C643C216}.CD_ROM|Any CPU.Build.0 = Release|Any CPU
		{75C04C22-EA17-41E4-BBF4-E2A8C643C216}.Debug|Any CPU.ActiveCfg = Debug|Any CPU
		{75C04C22-EA17-41E4-BBF4-E2A8C643C216}.Debug|Any CPU.Build.0 = Debug|Any CPU
		{75C04C22-EA17-41E4-BBF4-E2A8C643C216}.DVD-5|Any CPU.ActiveCfg = Debug|Any CPU
		{75C04C22-EA17-41E4-BBF4-E2A8C643C216}.DVD-5|Any CPU.Build.0 = Debug|Any CPU
		{75C04C22-EA17-41E4-BBF4-E2A8C643C216}.Release|Any CPU.ActiveCfg = Release|Any CPU
		{75C04C22-EA17-41E4-BBF4-E2A8C643C216}.Release|Any CPU.Build.0 = Release|Any CPU
		{75C04C22-EA17-41E4-BBF4-E2A8C643C216}.SingleImage|Any CPU.ActiveCfg = Release|Any CPU
		{75C04C22-EA17-41E4-BBF4-E2A8C643C216}.SingleImage|Any CPU.Build.0 = Release|Any CPU
		{46A0E3A8-168C-453F-BA3B-2DEAC6D5EE6E}.CD_ROM|Any CPU.ActiveCfg = CD_ROM
		{46A0E3A8-168C-453F-BA3B-2DEAC6D5EE6E}.CD_ROM|Any CPU.Build.0 = CD_ROM
		{46A0E3A8-168C-453F-BA3B-2DEAC6D5EE6E}.Debug|Any CPU.ActiveCfg = SingleImage
		{46A0E3A8-168C-453F-BA3B-2DEAC6D5EE6E}.Debug|Any CPU.Build.0 = SingleImage
		{46A0E3A8-168C-453F-BA3B-2DEAC6D5EE6E}.DVD-5|Any CPU.ActiveCfg = DVD-5
		{46A0E3A8-168C-453F-BA3B-2DEAC6D5EE6E}.DVD-5|Any CPU.Build.0 = DVD-5
		{46A0E3A8-168C-453F-BA3B-2DEAC6D5EE6E}.Release|Any CPU.ActiveCfg = SingleImage
		{46A0E3A8-168C-453F-BA3B-2DEAC6D5EE6E}.Release|Any CPU.Build.0 = SingleImage
		{46A0E3A8-168C-453F-BA3B-2DEAC6D5EE6E}.SingleImage|Any CPU.ActiveCfg = SingleImage
		{46A0E3A8-168C-453F-BA3B-2DEAC6D5EE6E}.SingleImage|Any CPU.Build.0 = SingleImage
	EndGlobalSection
	GlobalSection(SolutionProperties) = preSolution
		HideSolutionNode = FALSE
	EndGlobalSection
EndGlobal
